
Microsoft Visual Studio Solution File, Format Version 12.00
# Visual Studio Version 17
VisualStudioVersion = 17.10.34928.147
MinimumVisualStudioVersion = 10.0.40219.1
Project("{FAE04EC0-301F-11D3-BF4B-00C04F79EFBC}") = "R.O.B.O", "R.O.B.O\R.O.B.O.csproj", "{2413A236-FC3F-4B13-9A4E-A18AD2CFB10F}"
EndProject
Global
	GlobalSection(SolutionConfigurationPlatforms) = preSolution
		Debug|Any CPU = Debug|Any CPU
		Release|Any CPU = Release|Any CPU
	EndGlobalSection
	GlobalSection(ProjectConfigurationPlatforms) = postSolution
		{2413A236-FC3F-4B13-9A4E-A18AD2CFB10F}.Debug|Any CPU.ActiveCfg = Debug|Any CPU
		{2413A236-FC3F-4B13-9A4E-A18AD2CFB10F}.Debug|Any CPU.Build.0 = Debug|Any CPU
		{2413A236-FC3F-4B13-9A4E-A18AD2CFB10F}.Release|Any CPU.ActiveCfg = Release|Any CPU
		{2413A236-FC3F-4B13-9A4E-A18AD2CFB10F}.Release|Any CPU.Build.0 = Release|Any CPU
	EndGlobalSection
	GlobalSection(SolutionProperties) = preSolution
		HideSolutionNode = FALSE
	EndGlobalSection
	GlobalSection(ExtensibilityGlobals) = postSolution
		SolutionGuid = {8B1C8418-7B97-4225-8EB4-4D489AF3F1A1}
	EndGlobalSection
EndGlobal
